PODS:
  - Alamofire (5.2.2)
  - Bond (7.6.6):
    - Differ (~> 1.4)
    - ReactiveKit (~> 3.14)
  - Differ (1.4.5)
  - Moya (14.0.0):
    - Moya/Core (= 14.0.0)
  - Moya/Core (14.0.0):
    - Alamofire (~> 5.0)
  - Nimble (8.1.1)
  - ObjectMapper (4.2.0)
  - Quick (2.2.1)
  - ReactiveKit (3.17.4)
  - Realm (5.3.5):
    - Realm/Headers (= 5.3.5)
  - Realm/Headers (5.3.5)
  - RealmSwift (5.3.5):
    - Realm (= 5.3.5)
  - SnapKit (5.0.1)

DEPENDENCIES:
  - Bond (~> 7.0)
  - Moya
  - Nimble (~> 8.0)
  - ObjectMapper (~> 4.2)
  - Quick (~> 2.0)
  - ReactiveKit (~> 3.0)
  - RealmSwift (~> 5.0)
  - SnapKit (~> 5.0.0)

SPEC REPOS:
  trunk:
    - Alamofire
    - Bond
    - Differ
    - Moya
    - Nimble
    - ObjectMapper
    - Quick
    - ReactiveKit
    - Realm
    - RealmSwift
    - SnapKit

SPEC CHECKSUMS:
  Alamofire: 814429acc853c6c54ff123fc3d2ef66803823ce0
  Bond: 9e7d901cf4ed825b6004a93dd0a7f1c7479e2834
  Differ: 3b6bd78e2b20cc795d9a86f7641d087524e4273e
  Moya: 5b45dacb75adb009f97fde91c204c1e565d31916
  Nimble: 5f8a2fb6fa343a7242dfdd9d42f7267419d464b2
  ObjectMapper: 1eb41f610210777375fa806bf161dc39fb832b81
  Quick: f5754d69b7013f5864c29aab9ae6f0c79c5bc200
  ReactiveKit: f9f9e079efa39312c597bf1508ef4810d111ce76
  Realm: 2b52fcc86fc0ed3d75a56ac0eb1e73c4f1a60e16
  RealmSwift: a6ea2ea561039fc3833c08dec81371a9a3bb5ca6
  SnapKit: 97b92857e3df3a0c71833cce143274bf6ef8e5eb

PODFILE CHECKSUM: 1d702203e0e171d572527b326b274bc91fc244c5

COCOAPODS: 1.9.3
