// !$*UTF8*$!
{
	archiveVersion = 1;
	classes = {
	};
	objectVersion = 50;
	objects = {

/* Begin PBXBuildFile section */
		69AD1543B4ABD32B88403CA4 /* Pods_ParylationDomain.framework in Frameworks */ = {isa = PBXBuildFile; fileRef = 7A79C9C0058B9766CAF65338 /* Pods_ParylationDomain.framework */; };
		9C11CE3E258FE46900E99F9E /* Task.swift in Sources */ = {isa = PBXBuildFile; fileRef = 9C11CE3D258FE46900E99F9E /* Task.swift */; };
		9C11CE41258FE52300E99F9E /* TaskRepository.swift in Sources */ = {isa = PBXBuildFile; fileRef = 9C11CE40258FE52300E99F9E /* TaskRepository.swift */; };
		9C1CADB225A4A5030006B513 /* PushNotificationsService.swift in Sources */ = {isa = PBXBuildFile; fileRef = 9C1CADB125A4A5030006B513 /* PushNotificationsService.swift */; };
		9C1CADB525A4ADC10006B513 /* PushNotification.swift in Sources */ = {isa = PBXBuildFile; fileRef = 9C1CADB425A4ADC10006B513 /* PushNotification.swift */; };
		9C2785F225B70078000502AA /* Icon.swift in Sources */ = {isa = PBXBuildFile; fileRef = 9C2785F125B70078000502AA /* Icon.swift */; };
		9C2785F525B700C3000502AA /* Color.swift in Sources */ = {isa = PBXBuildFile; fileRef = 9C2785F425B700C3000502AA /* Color.swift */; };
		9C2785F825B700EB000502AA /* IconRepository.swift in Sources */ = {isa = PBXBuildFile; fileRef = 9C2785F725B700EB000502AA /* IconRepository.swift */; };
		9C2785FB25B70209000502AA /* ColorRepository.swift in Sources */ = {isa = PBXBuildFile; fileRef = 9C2785FA25B70209000502AA /* ColorRepository.swift */; };
		9C45DD3725D467CB00C57954 /* DayInteractor.swift in Sources */ = {isa = PBXBuildFile; fileRef = 9C45DD3625D467CB00C57954 /* DayInteractor.swift */; };
		9C67854324EFED5B006E28BD /* WelcomeInteractor.swift in Sources */ = {isa = PBXBuildFile; fileRef = 9C67854224EFED5B006E28BD /* WelcomeInteractor.swift */; };
		9C7D3A1925BA12AB000E7EDF /* UserService.swift in Sources */ = {isa = PBXBuildFile; fileRef = 9C7D3A1825BA12AB000E7EDF /* UserService.swift */; };
		9C90F87825969A600052080B /* TaskInteractor.swift in Sources */ = {isa = PBXBuildFile; fileRef = 9C90F87725969A600052080B /* TaskInteractor.swift */; };
		9C90F8B9259731610052080B /* TaskEditInteractor.swift in Sources */ = {isa = PBXBuildFile; fileRef = 9C90F8B8259731610052080B /* TaskEditInteractor.swift */; };
		9C90F91D25991D730052080B /* CredentialsValidatorService.swift in Sources */ = {isa = PBXBuildFile; fileRef = 9C90F91C25991D730052080B /* CredentialsValidatorService.swift */; };
		9CADB564249E0DD500901E45 /* User.swift in Sources */ = {isa = PBXBuildFile; fileRef = 9CADB563249E0DD500901E45 /* User.swift */; };
		9CADB567249E0E0000901E45 /* RootInteractor.swift in Sources */ = {isa = PBXBuildFile; fileRef = 9CADB566249E0E0000901E45 /* RootInteractor.swift */; };
		9CADB569249E0E1900901E45 /* SignUpInteractor.swift in Sources */ = {isa = PBXBuildFile; fileRef = 9CADB568249E0E1900901E45 /* SignUpInteractor.swift */; };
		9CADB56B249E0E2C00901E45 /* DashboardInteractor.swift in Sources */ = {isa = PBXBuildFile; fileRef = 9CADB56A249E0E2C00901E45 /* DashboardInteractor.swift */; };
		9CADB56E249E0E4C00901E45 /* UserRepository.swift in Sources */ = {isa = PBXBuildFile; fileRef = 9CADB56D249E0E4C00901E45 /* UserRepository.swift */; };
		9CADB5C724A0092500901E45 /* AuthorizedUserRepository.swift in Sources */ = {isa = PBXBuildFile; fileRef = 9CADB5C624A0092500901E45 /* AuthorizedUserRepository.swift */; };
		9CADB5C924A00AB300901E45 /* AuthorizationService.swift in Sources */ = {isa = PBXBuildFile; fileRef = 9CADB5C824A00AB300901E45 /* AuthorizationService.swift */; };
		9CBB9BB124F50742005EF51A /* SettingsInteractor.swift in Sources */ = {isa = PBXBuildFile; fileRef = 9CBB9BB024F50742005EF51A /* SettingsInteractor.swift */; };
		9CC9DDF225C6ADCF00765B68 /* MonthMetadata.swift in Sources */ = {isa = PBXBuildFile; fileRef = 9CC9DDF125C6ADCF00765B68 /* MonthMetadata.swift */; };
		9CD872A025C1E95C003D7868 /* CalendarInteractor.swift in Sources */ = {isa = PBXBuildFile; fileRef = 9CD8729F25C1E95C003D7868 /* CalendarInteractor.swift */; };
		9CEB58ED24F05F24008B835A /* SignInInteractor.swift in Sources */ = {isa = PBXBuildFile; fileRef = 9CEB58EC24F05F24008B835A /* SignInInteractor.swift */; };
		9CEB590824F1352C008B835A /* HomeInteractor.swift in Sources */ = {isa = PBXBuildFile; fileRef = 9CEB590724F1352C008B835A /* HomeInteractor.swift */; };
/* End PBXBuildFile section */

/* Begin PBXFileReference section */
		2B5724C1A713D2A075AF86DA /* Pods-ParylationDomainTests.release.xcconfig */ = {isa = PBXFileReference; includeInIndex = 1; lastKnownFileType = text.xcconfig; name = "Pods-ParylationDomainTests.release.xcconfig"; path = "Target Support Files/Pods-ParylationDomainTests/Pods-ParylationDomainTests.release.xcconfig"; sourceTree = "<group>"; };
		2F352D182152C17D3253D04E /* Pods_ParylationDomainTests.framework */ = {isa = PBXFileReference; explicitFileType = wrapper.framework; includeInIndex = 0; path = Pods_ParylationDomainTests.framework; sourceTree = BUILT_PRODUCTS_DIR; };
		683C1811F74393BC84F3E7B7 /* Pods-ParylationDomain.release.xcconfig */ = {isa = PBXFileReference; includeInIndex = 1; lastKnownFileType = text.xcconfig; name = "Pods-ParylationDomain.release.xcconfig"; path = "Target Support Files/Pods-ParylationDomain/Pods-ParylationDomain.release.xcconfig"; sourceTree = "<group>"; };
		6F3FB703A3E9250111FF2B80 /* Pods-ParylationDomainTests.debug.xcconfig */ = {isa = PBXFileReference; includeInIndex = 1; lastKnownFileType = text.xcconfig; name = "Pods-ParylationDomainTests.debug.xcconfig"; path = "Target Support Files/Pods-ParylationDomainTests/Pods-ParylationDomainTests.debug.xcconfig"; sourceTree = "<group>"; };
		7A79C9C0058B9766CAF65338 /* Pods_ParylationDomain.framework */ = {isa = PBXFileReference; explicitFileType = wrapper.framework; includeInIndex = 0; path = Pods_ParylationDomain.framework; sourceTree = BUILT_PRODUCTS_DIR; };
		7BC5593B75FEDB2740C4E44C /* Pods-ParylationDomain.debug.xcconfig */ = {isa = PBXFileReference; includeInIndex = 1; lastKnownFileType = text.xcconfig; name = "Pods-ParylationDomain.debug.xcconfig"; path = "Target Support Files/Pods-ParylationDomain/Pods-ParylationDomain.debug.xcconfig"; sourceTree = "<group>"; };
		9C11CE3D258FE46900E99F9E /* Task.swift */ = {isa = PBXFileReference; lastKnownFileType = sourcecode.swift; path = Task.swift; sourceTree = "<group>"; };
		9C11CE40258FE52300E99F9E /* TaskRepository.swift */ = {isa = PBXFileReference; lastKnownFileType = sourcecode.swift; path = TaskRepository.swift; sourceTree = "<group>"; };
		9C1CADB125A4A5030006B513 /* PushNotificationsService.swift */ = {isa = PBXFileReference; lastKnownFileType = sourcecode.swift; path = PushNotificationsService.swift; sourceTree = "<group>"; };
		9C1CADB425A4ADC10006B513 /* PushNotification.swift */ = {isa = PBXFileReference; lastKnownFileType = sourcecode.swift; path = PushNotification.swift; sourceTree = "<group>"; };
		9C2785F125B70078000502AA /* Icon.swift */ = {isa = PBXFileReference; lastKnownFileType = sourcecode.swift; path = Icon.swift; sourceTree = "<group>"; };
		9C2785F425B700C3000502AA /* Color.swift */ = {isa = PBXFileReference; lastKnownFileType = sourcecode.swift; path = Color.swift; sourceTree = "<group>"; };
		9C2785F725B700EB000502AA /* IconRepository.swift */ = {isa = PBXFileReference; lastKnownFileType = sourcecode.swift; path = IconRepository.swift; sourceTree = "<group>"; };
		9C2785FA25B70209000502AA /* ColorRepository.swift */ = {isa = PBXFileReference; lastKnownFileType = sourcecode.swift; path = ColorRepository.swift; sourceTree = "<group>"; };
		9C45DD3625D467CB00C57954 /* DayInteractor.swift */ = {isa = PBXFileReference; lastKnownFileType = sourcecode.swift; path = DayInteractor.swift; sourceTree = "<group>"; };
		9C67854224EFED5B006E28BD /* WelcomeInteractor.swift */ = {isa = PBXFileReference; lastKnownFileType = sourcecode.swift; path = WelcomeInteractor.swift; sourceTree = "<group>"; };
		9C7D3A1825BA12AB000E7EDF /* UserService.swift */ = {isa = PBXFileReference; lastKnownFileType = sourcecode.swift; path = UserService.swift; sourceTree = "<group>"; };
		9C90F87725969A600052080B /* TaskInteractor.swift */ = {isa = PBXFileReference; lastKnownFileType = sourcecode.swift; path = TaskInteractor.swift; sourceTree = "<group>"; };
		9C90F8B8259731610052080B /* TaskEditInteractor.swift */ = {isa = PBXFileReference; lastKnownFileType = sourcecode.swift; path = TaskEditInteractor.swift; sourceTree = "<group>"; };
		9C90F91C25991D730052080B /* CredentialsValidatorService.swift */ = {isa = PBXFileReference; lastKnownFileType = sourcecode.swift; path = CredentialsValidatorService.swift; sourceTree = "<group>"; };
		9CADB548249CD86C00901E45 /* ParylationDomain.framework */ = {isa = PBXFileReference; explicitFileType = wrapper.framework; includeInIndex = 0; path = ParylationDomain.framework; sourceTree = BUILT_PRODUCTS_DIR; };
		9CADB54C249CD86C00901E45 /* Info.plist */ = {isa = PBXFileReference; lastKnownFileType = text.plist.xml; path = Info.plist; sourceTree = "<group>"; };
		9CADB563249E0DD500901E45 /* User.swift */ = {isa = PBXFileReference; lastKnownFileType = sourcecode.swift; path = User.swift; sourceTree = "<group>"; };
		9CADB566249E0E0000901E45 /* RootInteractor.swift */ = {isa = PBXFileReference; lastKnownFileType = sourcecode.swift; path = RootInteractor.swift; sourceTree = "<group>"; };
		9CADB568249E0E1900901E45 /* SignUpInteractor.swift */ = {isa = PBXFileReference; lastKnownFileType = sourcecode.swift; path = SignUpInteractor.swift; sourceTree = "<group>"; };
		9CADB56A249E0E2C00901E45 /* DashboardInteractor.swift */ = {isa = PBXFileReference; lastKnownFileType = sourcecode.swift; path = DashboardInteractor.swift; sourceTree = "<group>"; };
		9CADB56D249E0E4C00901E45 /* UserRepository.swift */ = {isa = PBXFileReference; lastKnownFileType = sourcecode.swift; path = UserRepository.swift; sourceTree = "<group>"; };
		9CADB5C624A0092500901E45 /* AuthorizedUserRepository.swift */ = {isa = PBXFileReference; lastKnownFileType = sourcecode.swift; path = AuthorizedUserRepository.swift; sourceTree = "<group>"; };
		9CADB5C824A00AB300901E45 /* AuthorizationService.swift */ = {isa = PBXFileReference; lastKnownFileType = sourcecode.swift; path = AuthorizationService.swift; sourceTree = "<group>"; };
		9CBB9BB024F50742005EF51A /* SettingsInteractor.swift */ = {isa = PBXFileReference; lastKnownFileType = sourcecode.swift; path = SettingsInteractor.swift; sourceTree = "<group>"; };
		9CC9DDF125C6ADCF00765B68 /* MonthMetadata.swift */ = {isa = PBXFileReference; lastKnownFileType = sourcecode.swift; path = MonthMetadata.swift; sourceTree = "<group>"; };
		9CD8729F25C1E95C003D7868 /* CalendarInteractor.swift */ = {isa = PBXFileReference; lastKnownFileType = sourcecode.swift; path = CalendarInteractor.swift; sourceTree = "<group>"; };
		9CEB58EC24F05F24008B835A /* SignInInteractor.swift */ = {isa = PBXFileReference; lastKnownFileType = sourcecode.swift; path = SignInInteractor.swift; sourceTree = "<group>"; };
		9CEB590724F1352C008B835A /* HomeInteractor.swift */ = {isa = PBXFileReference; lastKnownFileType = sourcecode.swift; path = HomeInteractor.swift; sourceTree = "<group>"; };
/* End PBXFileReference section */

/* Begin PBXFrameworksBuildPhase section */
		9CADB545249CD86C00901E45 /* Frameworks */ = {
			isa = PBXFrameworksBuildPhase;
			buildActionMask = 2147483647;
			files = (
				69AD1543B4ABD32B88403CA4 /* Pods_ParylationDomain.framework in Frameworks */,
			);
			runOnlyForDeploymentPostprocessing = 0;
		};
/* End PBXFrameworksBuildPhase section */

/* Begin PBXGroup section */
		49B1AEC3DA7123F06B572C42 /* Pods */ = {
			isa = PBXGroup;
			children = (
				7BC5593B75FEDB2740C4E44C /* Pods-ParylationDomain.debug.xcconfig */,
				683C1811F74393BC84F3E7B7 /* Pods-ParylationDomain.release.xcconfig */,
				6F3FB703A3E9250111FF2B80 /* Pods-ParylationDomainTests.debug.xcconfig */,
				2B5724C1A713D2A075AF86DA /* Pods-ParylationDomainTests.release.xcconfig */,
			);
			name = Pods;
			path = ../Pods;
			sourceTree = "<group>";
		};
		99A2FBC43577D8DFE919B9A0 /* Frameworks */ = {
			isa = PBXGroup;
			children = (
				2F352D182152C17D3253D04E /* Pods_ParylationDomainTests.framework */,
				7A79C9C0058B9766CAF65338 /* Pods_ParylationDomain.framework */,
			);
			name = Frameworks;
			sourceTree = "<group>";
		};
		9CADB53E249CD86C00901E45 = {
			isa = PBXGroup;
			children = (
				9CADB54A249CD86C00901E45 /* ParylationDomain */,
				9CADB549249CD86C00901E45 /* Products */,
				49B1AEC3DA7123F06B572C42 /* Pods */,
				99A2FBC43577D8DFE919B9A0 /* Frameworks */,
			);
			sourceTree = "<group>";
		};
		9CADB549249CD86C00901E45 /* Products */ = {
			isa = PBXGroup;
			children = (
				9CADB548249CD86C00901E45 /* ParylationDomain.framework */,
			);
			name = Products;
			sourceTree = "<group>";
		};
		9CADB54A249CD86C00901E45 /* ParylationDomain */ = {
			isa = PBXGroup;
			children = (
				9CADB562249E0DCA00901E45 /* Entities */,
				9CADB565249E0DEF00901E45 /* Interactors */,
				9CADB56C249E0E3C00901E45 /* Repositories */,
				9CADB56F249E0E6300901E45 /* Services */,
				9CADB54C249CD86C00901E45 /* Info.plist */,
			);
			path = ParylationDomain;
			sourceTree = "<group>";
		};
		9CADB562249E0DCA00901E45 /* Entities */ = {
			isa = PBXGroup;
			children = (
				9CADB563249E0DD500901E45 /* User.swift */,
				9C11CE3D258FE46900E99F9E /* Task.swift */,
				9C1CADB425A4ADC10006B513 /* PushNotification.swift */,
				9C2785F125B70078000502AA /* Icon.swift */,
				9C2785F425B700C3000502AA /* Color.swift */,
				9CC9DDF125C6ADCF00765B68 /* MonthMetadata.swift */,
			);
			path = Entities;
			sourceTree = "<group>";
		};
		9CADB565249E0DEF00901E45 /* Interactors */ = {
			isa = PBXGroup;
			children = (
				9CADB566249E0E0000901E45 /* RootInteractor.swift */,
				9C67854224EFED5B006E28BD /* WelcomeInteractor.swift */,
				9CADB568249E0E1900901E45 /* SignUpInteractor.swift */,
				9CEB58EC24F05F24008B835A /* SignInInteractor.swift */,
				9CADB56A249E0E2C00901E45 /* DashboardInteractor.swift */,
				9CEB590724F1352C008B835A /* HomeInteractor.swift */,
				9CD8729F25C1E95C003D7868 /* CalendarInteractor.swift */,
				9C45DD3625D467CB00C57954 /* DayInteractor.swift */,
				9C90F87725969A600052080B /* TaskInteractor.swift */,
				9C90F8B8259731610052080B /* TaskEditInteractor.swift */,
				9CBB9BB024F50742005EF51A /* SettingsInteractor.swift */,
			);
			path = Interactors;
			sourceTree = "<group>";
		};
		9CADB56C249E0E3C00901E45 /* Repositories */ = {
			isa = PBXGroup;
			children = (
				9CADB56D249E0E4C00901E45 /* UserRepository.swift */,
				9C11CE40258FE52300E99F9E /* TaskRepository.swift */,
				9CADB5C624A0092500901E45 /* AuthorizedUserRepository.swift */,
				9C2785F725B700EB000502AA /* IconRepository.swift */,
				9C2785FA25B70209000502AA /* ColorRepository.swift */,
			);
			path = Repositories;
			sourceTree = "<group>";
		};
		9CADB56F249E0E6300901E45 /* Services */ = {
			isa = PBXGroup;
			children = (
				9CADB5C824A00AB300901E45 /* AuthorizationService.swift */,
				9C90F91C25991D730052080B /* CredentialsValidatorService.swift */,
				9C1CADB125A4A5030006B513 /* PushNotificationsService.swift */,
				9C7D3A1825BA12AB000E7EDF /* UserService.swift */,
			);
			path = Services;
			sourceTree = "<group>";
		};
/* End PBXGroup section */

/* Begin PBXHeadersBuildPhase section */
		9CADB543249CD86C00901E45 /* Headers */ = {
			isa = PBXHeadersBuildPhase;
			buildActionMask = 2147483647;
			files = (
			);
			runOnlyForDeploymentPostprocessing = 0;
		};
/* End PBXHeadersBuildPhase section */

/* Begin PBXNativeTarget section */
		9CADB547249CD86C00901E45 /* ParylationDomain */ = {
			isa = PBXNativeTarget;
			buildConfigurationList = 9CADB550249CD86C00901E45 /* Build configuration list for PBXNativeTarget "ParylationDomain" */;
			buildPhases = (
				D77ACE10F1F1B826C223929D /* [CP] Check Pods Manifest.lock */,
				9CADB543249CD86C00901E45 /* Headers */,
				9CADB544249CD86C00901E45 /* Sources */,
				9CADB545249CD86C00901E45 /* Frameworks */,
				9CADB546249CD86C00901E45 /* Resources */,
			);
			buildRules = (
			);
			dependencies = (
			);
			name = ParylationDomain;
			productName = ParylationDomain;
			productReference = 9CADB548249CD86C00901E45 /* ParylationDomain.framework */;
			productType = "com.apple.product-type.framework";
		};
/* End PBXNativeTarget section */

/* Begin PBXProject section */
		9CADB53F249CD86C00901E45 /* Project object */ = {
			isa = PBXProject;
			attributes = {
				LastSwiftUpdateCheck = 1150;
				LastUpgradeCheck = 1240;
				ORGANIZATIONNAME = "Vladislav Kondrashkov";
				TargetAttributes = {
					9CADB547249CD86C00901E45 = {
						CreatedOnToolsVersion = 11.5;
						LastSwiftMigration = 1150;
					};
				};
			};
			buildConfigurationList = 9CADB542249CD86C00901E45 /* Build configuration list for PBXProject "ParylationDomain" */;
			compatibilityVersion = "Xcode 9.3";
			developmentRegion = en;
			hasScannedForEncodings = 0;
			knownRegions = (
				en,
				Base,
			);
			mainGroup = 9CADB53E249CD86C00901E45;
			productRefGroup = 9CADB549249CD86C00901E45 /* Products */;
			projectDirPath = "";
			projectRoot = "";
			targets = (
				9CADB547249CD86C00901E45 /* ParylationDomain */,
			);
		};
/* End PBXProject section */

/* Begin PBXResourcesBuildPhase section */
		9CADB546249CD86C00901E45 /* Resources */ = {
			isa = PBXResourcesBuildPhase;
			buildActionMask = 2147483647;
			files = (
			);
			runOnlyForDeploymentPostprocessing = 0;
		};
/* End PBXResourcesBuildPhase section */

/* Begin PBXShellScriptBuildPhase section */
		D77ACE10F1F1B826C223929D /* [CP] Check Pods Manifest.lock */ = {
			isa = PBXShellScriptBuildPhase;
			buildActionMask = 2147483647;
			files = (
			);
			inputFileListPaths = (
			);
			inputPaths = (
				"${PODS_PODFILE_DIR_PATH}/Podfile.lock",
				"${PODS_ROOT}/Manifest.lock",
			);
			name = "[CP] Check Pods Manifest.lock";
			outputFileListPaths = (
			);
			outputPaths = (
				"$(DERIVED_FILE_DIR)/Pods-ParylationDomain-checkManifestLockResult.txt",
			);
			runOnlyForDeploymentPostprocessing = 0;
			shellPath = /bin/sh;
			shellScript = "diff \"${PODS_PODFILE_DIR_PATH}/Podfile.lock\" \"${PODS_ROOT}/Manifest.lock\" > /dev/null\nif [ $? != 0 ] ; then\n    # print error to STDERR\n    echo \"error: The sandbox is not in sync with the Podfile.lock. Run 'pod install' or update your CocoaPods installation.\" >&2\n    exit 1\nfi\n# This output is used by Xcode 'outputs' to avoid re-running this script phase.\necho \"SUCCESS\" > \"${SCRIPT_OUTPUT_FILE_0}\"\n";
			showEnvVarsInLog = 0;
		};
/* End PBXShellScriptBuildPhase section */

/* Begin PBXSourcesBuildPhase section */
		9CADB544249CD86C00901E45 /* Sources */ = {
			isa = PBXSourcesBuildPhase;
			buildActionMask = 2147483647;
			files = (
				9CADB567249E0E0000901E45 /* RootInteractor.swift in Sources */,
				9C67854324EFED5B006E28BD /* WelcomeInteractor.swift in Sources */,
				9CADB569249E0E1900901E45 /* SignUpInteractor.swift in Sources */,
				9CEB590824F1352C008B835A /* HomeInteractor.swift in Sources */,
				9C11CE3E258FE46900E99F9E /* Task.swift in Sources */,
				9C2785FB25B70209000502AA /* ColorRepository.swift in Sources */,
				9CADB5C924A00AB300901E45 /* AuthorizationService.swift in Sources */,
				9C7D3A1925BA12AB000E7EDF /* UserService.swift in Sources */,
				9CD872A025C1E95C003D7868 /* CalendarInteractor.swift in Sources */,
				9CBB9BB124F50742005EF51A /* SettingsInteractor.swift in Sources */,
				9CADB564249E0DD500901E45 /* User.swift in Sources */,
				9CC9DDF225C6ADCF00765B68 /* MonthMetadata.swift in Sources */,
				9C2785F825B700EB000502AA /* IconRepository.swift in Sources */,
				9CADB56E249E0E4C00901E45 /* UserRepository.swift in Sources */,
				9C2785F225B70078000502AA /* Icon.swift in Sources */,
				9C11CE41258FE52300E99F9E /* TaskRepository.swift in Sources */,
				9CADB56B249E0E2C00901E45 /* DashboardInteractor.swift in Sources */,
				9C90F91D25991D730052080B /* CredentialsValidatorService.swift in Sources */,
				9C2785F525B700C3000502AA /* Color.swift in Sources */,
				9C90F8B9259731610052080B /* TaskEditInteractor.swift in Sources */,
				9C90F87825969A600052080B /* TaskInteractor.swift in Sources */,
				9C1CADB525A4ADC10006B513 /* PushNotification.swift in Sources */,
				9C1CADB225A4A5030006B513 /* PushNotificationsService.swift in Sources */,
				9CADB5C724A0092500901E45 /* AuthorizedUserRepository.swift in Sources */,
				9CEB58ED24F05F24008B835A /* SignInInteractor.swift in Sources */,
				9C45DD3725D467CB00C57954 /* DayInteractor.swift in Sources */,
			);
			runOnlyForDeploymentPostprocessing = 0;
		};
/* End PBXSourcesBuildPhase section */

/* Begin XCBuildConfiguration section */
		9CADB54E249CD86C00901E45 /* Debug */ = {
			isa = XCBuildConfiguration;
			buildSettings = {
				ALWAYS_SEARCH_USER_PATHS = NO;
				CLANG_ANALYZER_NONNULL = YES;
				CLANG_ANALYZER_NUMBER_OBJECT_CONVERSION = YES_AGGRESSIVE;
				CLANG_CXX_LANGUAGE_STANDARD = "gnu++14";
				CLANG_CXX_LIBRARY = "libc++";
				CLANG_ENABLE_MODULES = YES;
				CLANG_ENABLE_OBJC_ARC = YES;
				CLANG_ENABLE_OBJC_WEAK = YES;
				CLANG_WARN_BLOCK_CAPTURE_AUTORELEASING = YES;
				CLANG_WARN_BOOL_CONVERSION = YES;
				CLANG_WARN_COMMA = YES;
				CLANG_WARN_CONSTANT_CONVERSION = YES;
				CLANG_WARN_DEPRECATED_OBJC_IMPLEMENTATIONS = YES;
				CLANG_WARN_DIRECT_OBJC_ISA_USAGE = YES_ERROR;
				CLANG_WARN_DOCUMENTATION_COMMENTS = YES;
				CLANG_WARN_EMPTY_BODY = YES;
				CLANG_WARN_ENUM_CONVERSION = YES;
				CLANG_WARN_INFINITE_RECURSION = YES;
				CLANG_WARN_INT_CONVERSION = YES;
				CLANG_WARN_NON_LITERAL_NULL_CONVERSION = YES;
				CLANG_WARN_OBJC_IMPLICIT_RETAIN_SELF = YES;
				CLANG_WARN_OBJC_LITERAL_CONVERSION = YES;
				CLANG_WARN_OBJC_ROOT_CLASS = YES_ERROR;
				CLANG_WARN_RANGE_LOOP_ANALYSIS = YES;
				CLANG_WARN_STRICT_PROTOTYPES = YES;
				CLANG_WARN_SUSPICIOUS_MOVE = YES;
				CLANG_WARN_UNGUARDED_AVAILABILITY = YES_AGGRESSIVE;
				CLANG_WARN_UNREACHABLE_CODE = YES;
				CLANG_WARN__DUPLICATE_METHOD_MATCH = YES;
				COPY_PHASE_STRIP = NO;
				CURRENT_PROJECT_VERSION = 1;
				DEBUG_INFORMATION_FORMAT = dwarf;
				ENABLE_STRICT_OBJC_MSGSEND = YES;
				ENABLE_TESTABILITY = YES;
				GCC_C_LANGUAGE_STANDARD = gnu11;
				GCC_DYNAMIC_NO_PIC = NO;
				GCC_NO_COMMON_BLOCKS = YES;
				GCC_OPTIMIZATION_LEVEL = 0;
				GCC_PREPROCESSOR_DEFINITIONS = (
					"DEBUG=1",
					"$(inherited)",
				);
				GCC_WARN_64_TO_32_BIT_CONVERSION = YES;
				GCC_WARN_ABOUT_RETURN_TYPE = YES_ERROR;
				GCC_WARN_UNDECLARED_SELECTOR = YES;
				GCC_WARN_UNINITIALIZED_AUTOS = YES_AGGRESSIVE;
				GCC_WARN_UNUSED_FUNCTION = YES;
				GCC_WARN_UNUSED_VARIABLE = YES;
				IPHONEOS_DEPLOYMENT_TARGET = 13.5;
				MTL_ENABLE_DEBUG_INFO = INCLUDE_SOURCE;
				MTL_FAST_MATH = YES;
				ONLY_ACTIVE_ARCH = YES;
				SDKROOT = iphoneos;
				SWIFT_ACTIVE_COMPILATION_CONDITIONS = DEBUG;
				SWIFT_OPTIMIZATION_LEVEL = "-Onone";
				VERSIONING_SYSTEM = "apple-generic";
				VERSION_INFO_PREFIX = "";
			};
			name = Debug;
		};
		9CADB54F249CD86C00901E45 /* Release */ = {
			isa = XCBuildConfiguration;
			buildSettings = {
				ALWAYS_SEARCH_USER_PATHS = NO;
				CLANG_ANALYZER_NONNULL = YES;
				CLANG_ANALYZER_NUMBER_OBJECT_CONVERSION = YES_AGGRESSIVE;
				CLANG_CXX_LANGUAGE_STANDARD = "gnu++14";
				CLANG_CXX_LIBRARY = "libc++";
				CLANG_ENABLE_MODULES = YES;
				CLANG_ENABLE_OBJC_ARC = YES;
				CLANG_ENABLE_OBJC_WEAK = YES;
				CLANG_WARN_BLOCK_CAPTURE_AUTORELEASING = YES;
				CLANG_WARN_BOOL_CONVERSION = YES;
				CLANG_WARN_COMMA = YES;
				CLANG_WARN_CONSTANT_CONVERSION = YES;
				CLANG_WARN_DEPRECATED_OBJC_IMPLEMENTATIONS = YES;
				CLANG_WARN_DIRECT_OBJC_ISA_USAGE = YES_ERROR;
				CLANG_WARN_DOCUMENTATION_COMMENTS = YES;
				CLANG_WARN_EMPTY_BODY = YES;
				CLANG_WARN_ENUM_CONVERSION = YES;
				CLANG_WARN_INFINITE_RECURSION = YES;
				CLANG_WARN_INT_CONVERSION = YES;
				CLANG_WARN_NON_LITERAL_NULL_CONVERSION = YES;
				CLANG_WARN_OBJC_IMPLICIT_RETAIN_SELF = YES;
				CLANG_WARN_OBJC_LITERAL_CONVERSION = YES;
				CLANG_WARN_OBJC_ROOT_CLASS = YES_ERROR;
				CLANG_WARN_RANGE_LOOP_ANALYSIS = YES;
				CLANG_WARN_STRICT_PROTOTYPES = YES;
				CLANG_WARN_SUSPICIOUS_MOVE = YES;
				CLANG_WARN_UNGUARDED_AVAILABILITY = YES_AGGRESSIVE;
				CLANG_WARN_UNREACHABLE_CODE = YES;
				CLANG_WARN__DUPLICATE_METHOD_MATCH = YES;
				COPY_PHASE_STRIP = NO;
				CURRENT_PROJECT_VERSION = 1;
				DEBUG_INFORMATION_FORMAT = "dwarf-with-dsym";
				ENABLE_NS_ASSERTIONS = NO;
				ENABLE_STRICT_OBJC_MSGSEND = YES;
				GCC_C_LANGUAGE_STANDARD = gnu11;
				GCC_NO_COMMON_BLOCKS = YES;
				GCC_WARN_64_TO_32_BIT_CONVERSION = YES;
				GCC_WARN_ABOUT_RETURN_TYPE = YES_ERROR;
				GCC_WARN_UNDECLARED_SELECTOR = YES;
				GCC_WARN_UNINITIALIZED_AUTOS = YES_AGGRESSIVE;
				GCC_WARN_UNUSED_FUNCTION = YES;
				GCC_WARN_UNUSED_VARIABLE = YES;
				IPHONEOS_DEPLOYMENT_TARGET = 13.5;
				MTL_ENABLE_DEBUG_INFO = NO;
				MTL_FAST_MATH = YES;
				SDKROOT = iphoneos;
				SWIFT_COMPILATION_MODE = wholemodule;
				SWIFT_OPTIMIZATION_LEVEL = "-O";
				VALIDATE_PRODUCT = YES;
				VERSIONING_SYSTEM = "apple-generic";
				VERSION_INFO_PREFIX = "";
			};
			name = Release;
		};
		9CADB551249CD86C00901E45 /* Debug */ = {
			isa = XCBuildConfiguration;
			baseConfigurationReference = 7BC5593B75FEDB2740C4E44C /* Pods-ParylationDomain.debug.xcconfig */;
			buildSettings = {
				CLANG_ENABLE_MODULES = YES;
				CODE_SIGN_STYLE = Automatic;
				DEFINES_MODULE = YES;
				DEVELOPMENT_TEAM = 6D9VU6JV7P;
				DYLIB_COMPATIBILITY_VERSION = 1;
				DYLIB_CURRENT_VERSION = 1;
				DYLIB_INSTALL_NAME_BASE = "@rpath";
				INFOPLIST_FILE = ParylationDomain/Info.plist;
				INSTALL_PATH = "$(LOCAL_LIBRARY_DIR)/Frameworks";
				IPHONEOS_DEPLOYMENT_TARGET = 11.0;
				LD_RUNPATH_SEARCH_PATHS = (
					"$(inherited)",
					"@executable_path/Frameworks",
					"@loader_path/Frameworks",
				);
				PRODUCT_BUNDLE_IDENTIFIER = com.vkondrashkov.ParylationDomain;
				PRODUCT_NAME = "$(TARGET_NAME:c99extidentifier)";
				SKIP_INSTALL = YES;
				SWIFT_OPTIMIZATION_LEVEL = "-Onone";
				SWIFT_VERSION = 5.0;
				TARGETED_DEVICE_FAMILY = "1,2";
			};
			name = Debug;
		};
		9CADB552249CD86C00901E45 /* Release */ = {
			isa = XCBuildConfiguration;
			baseConfigurationReference = 683C1811F74393BC84F3E7B7 /* Pods-ParylationDomain.release.xcconfig */;
			buildSettings = {
				CLANG_ENABLE_MODULES = YES;
				CODE_SIGN_STYLE = Automatic;
				DEFINES_MODULE = YES;
				DEVELOPMENT_TEAM = 6D9VU6JV7P;
				DYLIB_COMPATIBILITY_VERSION = 1;
				DYLIB_CURRENT_VERSION = 1;
				DYLIB_INSTALL_NAME_BASE = "@rpath";
				INFOPLIST_FILE = ParylationDomain/Info.plist;
				INSTALL_PATH = "$(LOCAL_LIBRARY_DIR)/Frameworks";
				IPHONEOS_DEPLOYMENT_TARGET = 11.0;
				LD_RUNPATH_SEARCH_PATHS = (
					"$(inherited)",
					"@executable_path/Frameworks",
					"@loader_path/Frameworks",
				);
				PRODUCT_BUNDLE_IDENTIFIER = com.vkondrashkov.ParylationDomain;
				PRODUCT_NAME = "$(TARGET_NAME:c99extidentifier)";
				SKIP_INSTALL = YES;
				SWIFT_VERSION = 5.0;
				TARGETED_DEVICE_FAMILY = "1,2";
			};
			name = Release;
		};
/* End XCBuildConfiguration section */

/* Begin XCConfigurationList section */
		9CADB542249CD86C00901E45 /* Build configuration list for PBXProject "ParylationDomain" */ = {
			isa = XCConfigurationList;
			buildConfigurations = (
				9CADB54E249CD86C00901E45 /* Debug */,
				9CADB54F249CD86C00901E45 /* Release */,
			);
			defaultConfigurationIsVisible = 0;
			defaultConfigurationName = Release;
		};
		9CADB550249CD86C00901E45 /* Build configuration list for PBXNativeTarget "ParylationDomain" */ = {
			isa = XCConfigurationList;
			buildConfigurations = (
				9CADB551249CD86C00901E45 /* Debug */,
				9CADB552249CD86C00901E45 /* Release */,
			);
			defaultConfigurationIsVisible = 0;
			defaultConfigurationName = Release;
		};
/* End XCConfigurationList section */
	};
	rootObject = 9CADB53F249CD86C00901E45 /* Project object */;
}
