// !$*UTF8*$!
{
	archiveVersion = 1;
	classes = {
	};
	objectVersion = 51;
	objects = {

/* Begin PBXBuildFile section */
		9CADB52B249CD84500901E45 /* AppDelegate.swift in Sources */ = {isa = PBXBuildFile; fileRef = 9CADB52A249CD84500901E45 /* AppDelegate.swift */; };
		9CADB52D249CD84500901E45 /* SceneDelegate.swift in Sources */ = {isa = PBXBuildFile; fileRef = 9CADB52C249CD84500901E45 /* SceneDelegate.swift */; };
		9CADB52F249CD84500901E45 /* ViewController.swift in Sources */ = {isa = PBXBuildFile; fileRef = 9CADB52E249CD84500901E45 /* ViewController.swift */; };
		9CADB532249CD84500901E45 /* Main.storyboard in Resources */ = {isa = PBXBuildFile; fileRef = 9CADB530249CD84500901E45 /* Main.storyboard */; };
		9CADB534249CD84600901E45 /* Assets.xcassets in Resources */ = {isa = PBXBuildFile; fileRef = 9CADB533249CD84600901E45 /* Assets.xcassets */; };
		9CADB537249CD84600901E45 /* LaunchScreen.storyboard in Resources */ = {isa = PBXBuildFile; fileRef = 9CADB535249CD84600901E45 /* LaunchScreen.storyboard */; };
		9CADB55F249E0BC100901E45 /* ParylationDomain.framework in Frameworks */ = {isa = PBXBuildFile; fileRef = 9CADB55E249E0BC100901E45 /* ParylationDomain.framework */; };
		9CADB560249E0BC100901E45 /* ParylationDomain.framework in Embed Frameworks */ = {isa = PBXBuildFile; fileRef = 9CADB55E249E0BC100901E45 /* ParylationDomain.framework */; settings = {ATTRIBUTES = (CodeSignOnCopy, RemoveHeadersOnCopy, ); }; };
		A5DFE2C0EAF20B0280C36127 /* Pods_ParylationApp.framework in Frameworks */ = {isa = PBXBuildFile; fileRef = 47C7305CBAAE97AEE0B397F1 /* Pods_ParylationApp.framework */; };
/* End PBXBuildFile section */

/* Begin PBXCopyFilesBuildPhase section */
		9CADB561249E0BC100901E45 /* Embed Frameworks */ = {
			isa = PBXCopyFilesBuildPhase;
			buildActionMask = 2147483647;
			dstPath = "";
			dstSubfolderSpec = 10;
			files = (
				9CADB560249E0BC100901E45 /* ParylationDomain.framework in Embed Frameworks */,
			);
			name = "Embed Frameworks";
			runOnlyForDeploymentPostprocessing = 0;
		};
/* End PBXCopyFilesBuildPhase section */

/* Begin PBXFileReference section */
		47C7305CBAAE97AEE0B397F1 /* Pods_ParylationApp.framework */ = {isa = PBXFileReference; explicitFileType = wrapper.framework; includeInIndex = 0; path = Pods_ParylationApp.framework; sourceTree = BUILT_PRODUCTS_DIR; };
		9CADB527249CD84500901E45 /* ParylationApp.app */ = {isa = PBXFileReference; explicitFileType = wrapper.application; includeInIndex = 0; path = ParylationApp.app; sourceTree = BUILT_PRODUCTS_DIR; };
		9CADB52A249CD84500901E45 /* AppDelegate.swift */ = {isa = PBXFileReference; lastKnownFileType = sourcecode.swift; path = AppDelegate.swift; sourceTree = "<group>"; };
		9CADB52C249CD84500901E45 /* SceneDelegate.swift */ = {isa = PBXFileReference; lastKnownFileType = sourcecode.swift; path = SceneDelegate.swift; sourceTree = "<group>"; };
		9CADB52E249CD84500901E45 /* ViewController.swift */ = {isa = PBXFileReference; lastKnownFileType = sourcecode.swift; path = ViewController.swift; sourceTree = "<group>"; };
		9CADB531249CD84500901E45 /* Base */ = {isa = PBXFileReference; lastKnownFileType = file.storyboard; name = Base; path = Base.lproj/Main.storyboard; sourceTree = "<group>"; };
		9CADB533249CD84600901E45 /* Assets.xcassets */ = {isa = PBXFileReference; lastKnownFileType = folder.assetcatalog; path = Assets.xcassets; sourceTree = "<group>"; };
		9CADB536249CD84600901E45 /* Base */ = {isa = PBXFileReference; lastKnownFileType = file.storyboard; name = Base; path = Base.lproj/LaunchScreen.storyboard; sourceTree = "<group>"; };
		9CADB538249CD84600901E45 /* Info.plist */ = {isa = PBXFileReference; lastKnownFileType = text.plist.xml; path = Info.plist; sourceTree = "<group>"; };
		9CADB55E249E0BC100901E45 /* ParylationDomain.framework */ = {isa = PBXFileReference; explicitFileType = wrapper.framework; path = ParylationDomain.framework; sourceTree = BUILT_PRODUCTS_DIR; };
		A431641B86021B038C790ADE /* Pods-ParylationApp.release.xcconfig */ = {isa = PBXFileReference; includeInIndex = 1; lastKnownFileType = text.xcconfig; name = "Pods-ParylationApp.release.xcconfig"; path = "Target Support Files/Pods-ParylationApp/Pods-ParylationApp.release.xcconfig"; sourceTree = "<group>"; };
		F5E9D675B12118408E89938D /* Pods-ParylationApp.debug.xcconfig */ = {isa = PBXFileReference; includeInIndex = 1; lastKnownFileType = text.xcconfig; name = "Pods-ParylationApp.debug.xcconfig"; path = "Target Support Files/Pods-ParylationApp/Pods-ParylationApp.debug.xcconfig"; sourceTree = "<group>"; };
/* End PBXFileReference section */

/* Begin PBXFrameworksBuildPhase section */
		9CADB524249CD84500901E45 /* Frameworks */ = {
			isa = PBXFrameworksBuildPhase;
			buildActionMask = 2147483647;
			files = (
				A5DFE2C0EAF20B0280C36127 /* Pods_ParylationApp.framework in Frameworks */,
				9CADB55F249E0BC100901E45 /* ParylationDomain.framework in Frameworks */,
			);
			runOnlyForDeploymentPostprocessing = 0;
		};
/* End PBXFrameworksBuildPhase section */

/* Begin PBXGroup section */
		2CB5DC92A473CB3FCE3E75CD /* Pods */ = {
			isa = PBXGroup;
			children = (
				F5E9D675B12118408E89938D /* Pods-ParylationApp.debug.xcconfig */,
				A431641B86021B038C790ADE /* Pods-ParylationApp.release.xcconfig */,
			);
			name = Pods;
			path = ../Pods;
			sourceTree = "<group>";
		};
		6A4FD6F651068B5D272D0B1F /* Frameworks */ = {
			isa = PBXGroup;
			children = (
				9CADB55E249E0BC100901E45 /* ParylationDomain.framework */,
				47C7305CBAAE97AEE0B397F1 /* Pods_ParylationApp.framework */,
			);
			name = Frameworks;
			sourceTree = "<group>";
		};
		9CADB51E249CD84500901E45 = {
			isa = PBXGroup;
			children = (
				9CADB529249CD84500901E45 /* ParylationApp */,
				9CADB528249CD84500901E45 /* Products */,
				2CB5DC92A473CB3FCE3E75CD /* Pods */,
				6A4FD6F651068B5D272D0B1F /* Frameworks */,
			);
			sourceTree = "<group>";
		};
		9CADB528249CD84500901E45 /* Products */ = {
			isa = PBXGroup;
			children = (
				9CADB527249CD84500901E45 /* ParylationApp.app */,
			);
			name = Products;
			sourceTree = "<group>";
		};
		9CADB529249CD84500901E45 /* ParylationApp */ = {
			isa = PBXGroup;
			children = (
				9CADB52A249CD84500901E45 /* AppDelegate.swift */,
				9CADB52C249CD84500901E45 /* SceneDelegate.swift */,
				9CADB52E249CD84500901E45 /* ViewController.swift */,
				9CADB530249CD84500901E45 /* Main.storyboard */,
				9CADB533249CD84600901E45 /* Assets.xcassets */,
				9CADB535249CD84600901E45 /* LaunchScreen.storyboard */,
				9CADB538249CD84600901E45 /* Info.plist */,
			);
			path = ParylationApp;
			sourceTree = "<group>";
		};
/* End PBXGroup section */

/* Begin PBXNativeTarget section */
		9CADB526249CD84500901E45 /* ParylationApp */ = {
			isa = PBXNativeTarget;
			buildConfigurationList = 9CADB53B249CD84600901E45 /* Build configuration list for PBXNativeTarget "ParylationApp" */;
			buildPhases = (
				B77BBC660AB4A3F5D5EA3833 /* [CP] Check Pods Manifest.lock */,
				9CADB523249CD84500901E45 /* Sources */,
				9CADB524249CD84500901E45 /* Frameworks */,
				9CADB525249CD84500901E45 /* Resources */,
				5347C829C2911C8B10162854 /* [CP] Embed Pods Frameworks */,
				9CADB561249E0BC100901E45 /* Embed Frameworks */,
			);
			buildRules = (
			);
			dependencies = (
			);
			name = ParylationApp;
			productName = ParylationApp;
			productReference = 9CADB527249CD84500901E45 /* ParylationApp.app */;
			productType = "com.apple.product-type.application";
		};
/* End PBXNativeTarget section */

/* Begin PBXProject section */
		9CADB51F249CD84500901E45 /* Project object */ = {
			isa = PBXProject;
			attributes = {
				LastSwiftUpdateCheck = 1150;
				LastUpgradeCheck = 1150;
				ORGANIZATIONNAME = "Vladislav Kondrashkov";
				TargetAttributes = {
					9CADB526249CD84500901E45 = {
						CreatedOnToolsVersion = 11.5;
					};
				};
			};
			buildConfigurationList = 9CADB522249CD84500901E45 /* Build configuration list for PBXProject "ParylationApp" */;
			compatibilityVersion = "Xcode 9.3";
			developmentRegion = en;
			hasScannedForEncodings = 0;
			knownRegions = (
				en,
				Base,
			);
			mainGroup = 9CADB51E249CD84500901E45;
			productRefGroup = 9CADB528249CD84500901E45 /* Products */;
			projectDirPath = "";
			projectRoot = "";
			targets = (
				9CADB526249CD84500901E45 /* ParylationApp */,
			);
		};
/* End PBXProject section */

/* Begin PBXResourcesBuildPhase section */
		9CADB525249CD84500901E45 /* Resources */ = {
			isa = PBXResourcesBuildPhase;
			buildActionMask = 2147483647;
			files = (
				9CADB537249CD84600901E45 /* LaunchScreen.storyboard in Resources */,
				9CADB534249CD84600901E45 /* Assets.xcassets in Resources */,
				9CADB532249CD84500901E45 /* Main.storyboard in Resources */,
			);
			runOnlyForDeploymentPostprocessing = 0;
		};
/* End PBXResourcesBuildPhase section */

/* Begin PBXShellScriptBuildPhase section */
		5347C829C2911C8B10162854 /* [CP] Embed Pods Frameworks */ = {
			isa = PBXShellScriptBuildPhase;
			buildActionMask = 2147483647;
			files = (
			);
			inputFileListPaths = (
				"${PODS_ROOT}/Target Support Files/Pods-ParylationApp/Pods-ParylationApp-frameworks-${CONFIGURATION}-input-files.xcfilelist",
			);
			name = "[CP] Embed Pods Frameworks";
			outputFileListPaths = (
				"${PODS_ROOT}/Target Support Files/Pods-ParylationApp/Pods-ParylationApp-frameworks-${CONFIGURATION}-output-files.xcfilelist",
			);
			runOnlyForDeploymentPostprocessing = 0;
			shellPath = /bin/sh;
			shellScript = "\"${PODS_ROOT}/Target Support Files/Pods-ParylationApp/Pods-ParylationApp-frameworks.sh\"\n";
			showEnvVarsInLog = 0;
		};
		B77BBC660AB4A3F5D5EA3833 /* [CP] Check Pods Manifest.lock */ = {
			isa = PBXShellScriptBuildPhase;
			buildActionMask = 2147483647;
			files = (
			);
			inputFileListPaths = (
			);
			inputPaths = (
				"${PODS_PODFILE_DIR_PATH}/Podfile.lock",
				"${PODS_ROOT}/Manifest.lock",
			);
			name = "[CP] Check Pods Manifest.lock";
			outputFileListPaths = (
			);
			outputPaths = (
				"$(DERIVED_FILE_DIR)/Pods-ParylationApp-checkManifestLockResult.txt",
			);
			runOnlyForDeploymentPostprocessing = 0;
			shellPath = /bin/sh;
			shellScript = "diff \"${PODS_PODFILE_DIR_PATH}/Podfile.lock\" \"${PODS_ROOT}/Manifest.lock\" > /dev/null\nif [ $? != 0 ] ; then\n    # print error to STDERR\n    echo \"error: The sandbox is not in sync with the Podfile.lock. Run 'pod install' or update your CocoaPods installation.\" >&2\n    exit 1\nfi\n# This output is used by Xcode 'outputs' to avoid re-running this script phase.\necho \"SUCCESS\" > \"${SCRIPT_OUTPUT_FILE_0}\"\n";
			showEnvVarsInLog = 0;
		};
/* End PBXShellScriptBuildPhase section */

/* Begin PBXSourcesBuildPhase section */
		9CADB523249CD84500901E45 /* Sources */ = {
			isa = PBXSourcesBuildPhase;
			buildActionMask = 2147483647;
			files = (
				9CADB52F249CD84500901E45 /* ViewController.swift in Sources */,
				9CADB52B249CD84500901E45 /* AppDelegate.swift in Sources */,
				9CADB52D249CD84500901E45 /* SceneDelegate.swift in Sources */,
			);
			runOnlyForDeploymentPostprocessing = 0;
		};
/* End PBXSourcesBuildPhase section */

/* Begin PBXVariantGroup section */
		9CADB530249CD84500901E45 /* Main.storyboard */ = {
			isa = PBXVariantGroup;
			children = (
				9CADB531249CD84500901E45 /* Base */,
			);
			name = Main.storyboard;
			sourceTree = "<group>";
		};
		9CADB535249CD84600901E45 /* LaunchScreen.storyboard */ = {
			isa = PBXVariantGroup;
			children = (
				9CADB536249CD84600901E45 /* Base */,
			);
			name = LaunchScreen.storyboard;
			sourceTree = "<group>";
		};
/* End PBXVariantGroup section */

/* Begin XCBuildConfiguration section */
		9CADB539249CD84600901E45 /* Debug */ = {
			isa = XCBuildConfiguration;
			buildSettings = {
				ALWAYS_SEARCH_USER_PATHS = NO;
				CLANG_ANALYZER_NONNULL = YES;
				CLANG_ANALYZER_NUMBER_OBJECT_CONVERSION = YES_AGGRESSIVE;
				CLANG_CXX_LANGUAGE_STANDARD = "gnu++14";
				CLANG_CXX_LIBRARY = "libc++";
				CLANG_ENABLE_MODULES = YES;
				CLANG_ENABLE_OBJC_ARC = YES;
				CLANG_ENABLE_OBJC_WEAK = YES;
				CLANG_WARN_BLOCK_CAPTURE_AUTORELEASING = YES;
				CLANG_WARN_BOOL_CONVERSION = YES;
				CLANG_WARN_COMMA = YES;
				CLANG_WARN_CONSTANT_CONVERSION = YES;
				CLANG_WARN_DEPRECATED_OBJC_IMPLEMENTATIONS = YES;
				CLANG_WARN_DIRECT_OBJC_ISA_USAGE = YES_ERROR;
				CLANG_WARN_DOCUMENTATION_COMMENTS = YES;
				CLANG_WARN_EMPTY_BODY = YES;
				CLANG_WARN_ENUM_CONVERSION = YES;
				CLANG_WARN_INFINITE_RECURSION = YES;
				CLANG_WARN_INT_CONVERSION = YES;
				CLANG_WARN_NON_LITERAL_NULL_CONVERSION = YES;
				CLANG_WARN_OBJC_IMPLICIT_RETAIN_SELF = YES;
				CLANG_WARN_OBJC_LITERAL_CONVERSION = YES;
				CLANG_WARN_OBJC_ROOT_CLASS = YES_ERROR;
				CLANG_WARN_RANGE_LOOP_ANALYSIS = YES;
				CLANG_WARN_STRICT_PROTOTYPES = YES;
				CLANG_WARN_SUSPICIOUS_MOVE = YES;
				CLANG_WARN_UNGUARDED_AVAILABILITY = YES_AGGRESSIVE;
				CLANG_WARN_UNREACHABLE_CODE = YES;
				CLANG_WARN__DUPLICATE_METHOD_MATCH = YES;
				COPY_PHASE_STRIP = NO;
				DEBUG_INFORMATION_FORMAT = dwarf;
				ENABLE_STRICT_OBJC_MSGSEND = YES;
				ENABLE_TESTABILITY = YES;
				GCC_C_LANGUAGE_STANDARD = gnu11;
				GCC_DYNAMIC_NO_PIC = NO;
				GCC_NO_COMMON_BLOCKS = YES;
				GCC_OPTIMIZATION_LEVEL = 0;
				GCC_PREPROCESSOR_DEFINITIONS = (
					"DEBUG=1",
					"$(inherited)",
				);
				GCC_WARN_64_TO_32_BIT_CONVERSION = YES;
				GCC_WARN_ABOUT_RETURN_TYPE = YES_ERROR;
				GCC_WARN_UNDECLARED_SELECTOR = YES;
				GCC_WARN_UNINITIALIZED_AUTOS = YES_AGGRESSIVE;
				GCC_WARN_UNUSED_FUNCTION = YES;
				GCC_WARN_UNUSED_VARIABLE = YES;
				IPHONEOS_DEPLOYMENT_TARGET = 13.5;
				MTL_ENABLE_DEBUG_INFO = INCLUDE_SOURCE;
				MTL_FAST_MATH = YES;
				ONLY_ACTIVE_ARCH = YES;
				SDKROOT = iphoneos;
				SWIFT_ACTIVE_COMPILATION_CONDITIONS = DEBUG;
				SWIFT_OPTIMIZATION_LEVEL = "-Onone";
			};
			name = Debug;
		};
		9CADB53A249CD84600901E45 /* Release */ = {
			isa = XCBuildConfiguration;
			buildSettings = {
				ALWAYS_SEARCH_USER_PATHS = NO;
				CLANG_ANALYZER_NONNULL = YES;
				CLANG_ANALYZER_NUMBER_OBJECT_CONVERSION = YES_AGGRESSIVE;
				CLANG_CXX_LANGUAGE_STANDARD = "gnu++14";
				CLANG_CXX_LIBRARY = "libc++";
				CLANG_ENABLE_MODULES = YES;
				CLANG_ENABLE_OBJC_ARC = YES;
				CLANG_ENABLE_OBJC_WEAK = YES;
				CLANG_WARN_BLOCK_CAPTURE_AUTORELEASING = YES;
				CLANG_WARN_BOOL_CONVERSION = YES;
				CLANG_WARN_COMMA = YES;
				CLANG_WARN_CONSTANT_CONVERSION = YES;
				CLANG_WARN_DEPRECATED_OBJC_IMPLEMENTATIONS = YES;
				CLANG_WARN_DIRECT_OBJC_ISA_USAGE = YES_ERROR;
				CLANG_WARN_DOCUMENTATION_COMMENTS = YES;
				CLANG_WARN_EMPTY_BODY = YES;
				CLANG_WARN_ENUM_CONVERSION = YES;
				CLANG_WARN_INFINITE_RECURSION = YES;
				CLANG_WARN_INT_CONVERSION = YES;
				CLANG_WARN_NON_LITERAL_NULL_CONVERSION = YES;
				CLANG_WARN_OBJC_IMPLICIT_RETAIN_SELF = YES;
				CLANG_WARN_OBJC_LITERAL_CONVERSION = YES;
				CLANG_WARN_OBJC_ROOT_CLASS = YES_ERROR;
				CLANG_WARN_RANGE_LOOP_ANALYSIS = YES;
				CLANG_WARN_STRICT_PROTOTYPES = YES;
				CLANG_WARN_SUSPICIOUS_MOVE = YES;
				CLANG_WARN_UNGUARDED_AVAILABILITY = YES_AGGRESSIVE;
				CLANG_WARN_UNREACHABLE_CODE = YES;
				CLANG_WARN__DUPLICATE_METHOD_MATCH = YES;
				COPY_PHASE_STRIP = NO;
				DEBUG_INFORMATION_FORMAT = "dwarf-with-dsym";
				ENABLE_NS_ASSERTIONS = NO;
				ENABLE_STRICT_OBJC_MSGSEND = YES;
				GCC_C_LANGUAGE_STANDARD = gnu11;
				GCC_NO_COMMON_BLOCKS = YES;
				GCC_WARN_64_TO_32_BIT_CONVERSION = YES;
				GCC_WARN_ABOUT_RETURN_TYPE = YES_ERROR;
				GCC_WARN_UNDECLARED_SELECTOR = YES;
				GCC_WARN_UNINITIALIZED_AUTOS = YES_AGGRESSIVE;
				GCC_WARN_UNUSED_FUNCTION = YES;
				GCC_WARN_UNUSED_VARIABLE = YES;
				IPHONEOS_DEPLOYMENT_TARGET = 13.5;
				MTL_ENABLE_DEBUG_INFO = NO;
				MTL_FAST_MATH = YES;
				SDKROOT = iphoneos;
				SWIFT_COMPILATION_MODE = wholemodule;
				SWIFT_OPTIMIZATION_LEVEL = "-O";
				VALIDATE_PRODUCT = YES;
			};
			name = Release;
		};
		9CADB53C249CD84600901E45 /* Debug */ = {
			isa = XCBuildConfiguration;
			baseConfigurationReference = F5E9D675B12118408E89938D /* Pods-ParylationApp.debug.xcconfig */;
			buildSettings = {
				ASSETCATALOG_COMPILER_APPICON_NAME = AppIcon;
				CODE_SIGN_STYLE = Automatic;
				DEVELOPMENT_TEAM = 6D9VU6JV7P;
				INFOPLIST_FILE = ParylationApp/Info.plist;
				LD_RUNPATH_SEARCH_PATHS = (
					"$(inherited)",
					"@executable_path/Frameworks",
				);
				PRODUCT_BUNDLE_IDENTIFIER = com.vkondrashkov.ParylationApp;
				PRODUCT_NAME = "$(TARGET_NAME)";
				SWIFT_VERSION = 5.0;
				TARGETED_DEVICE_FAMILY = "1,2";
			};
			name = Debug;
		};
		9CADB53D249CD84600901E45 /* Release */ = {
			isa = XCBuildConfiguration;
			baseConfigurationReference = A431641B86021B038C790ADE /* Pods-ParylationApp.release.xcconfig */;
			buildSettings = {
				ASSETCATALOG_COMPILER_APPICON_NAME = AppIcon;
				CODE_SIGN_STYLE = Automatic;
				DEVELOPMENT_TEAM = 6D9VU6JV7P;
				INFOPLIST_FILE = ParylationApp/Info.plist;
				LD_RUNPATH_SEARCH_PATHS = (
					"$(inherited)",
					"@executable_path/Frameworks",
				);
				PRODUCT_BUNDLE_IDENTIFIER = com.vkondrashkov.ParylationApp;
				PRODUCT_NAME = "$(TARGET_NAME)";
				SWIFT_VERSION = 5.0;
				TARGETED_DEVICE_FAMILY = "1,2";
			};
			name = Release;
		};
/* End XCBuildConfiguration section */

/* Begin XCConfigurationList section */
		9CADB522249CD84500901E45 /* Build configuration list for PBXProject "ParylationApp" */ = {
			isa = XCConfigurationList;
			buildConfigurations = (
				9CADB539249CD84600901E45 /* Debug */,
				9CADB53A249CD84600901E45 /* Release */,
			);
			defaultConfigurationIsVisible = 0;
			defaultConfigurationName = Release;
		};
		9CADB53B249CD84600901E45 /* Build configuration list for PBXNativeTarget "ParylationApp" */ = {
			isa = XCConfigurationList;
			buildConfigurations = (
				9CADB53C249CD84600901E45 /* Debug */,
				9CADB53D249CD84600901E45 /* Release */,
			);
			defaultConfigurationIsVisible = 0;
			defaultConfigurationName = Release;
		};
/* End XCConfigurationList section */
	};
	rootObject = 9CADB51F249CD84500901E45 /* Project object */;
}
